
Microsoft Visual Studio Solution File, Format Version 12.00
# Visual Studio Version 17
VisualStudioVersion = 17.12.35521.163 d17.12
MinimumVisualStudioVersion = 10.0.40219.1
Project("{FAE04EC0-301F-11D3-BF4B-00C04F79EFBC}") = "Tumakovlab", "Tumakovlab\Tumakovlab.csproj", "{87DC81AB-8CA8-4185-9405-58FEB5502671}"
EndProject
Project("{FAE04EC0-301F-11D3-BF4B-00C04F79EFBC}") = "Tasks", "Tasks\Tasks.csproj", "{A6B1E470-1BAC-4676-8A19-83B81404D97B}"
EndProject
Global
	GlobalSection(SolutionConfigurationPlatforms) = preSolution
		Debug|Any CPU = Debug|Any CPU
		Release|Any CPU = Release|Any CPU
	EndGlobalSection
	GlobalSection(ProjectConfigurationPlatforms) = postSolution
		{87DC81AB-8CA8-4185-9405-58FEB5502671}.Debug|Any CPU.ActiveCfg = Debug|Any CPU
		{87DC81AB-8CA8-4185-9405-58FEB5502671}.Debug|Any CPU.Build.0 = Debug|Any CPU
		{87DC81AB-8CA8-4185-9405-58FEB5502671}.Release|Any CPU.ActiveCfg = Release|Any CPU
		{87DC81AB-8CA8-4185-9405-58FEB5502671}.Release|Any CPU.Build.0 = Release|Any CPU
		{A6B1E470-1BAC-4676-8A19-83B81404D97B}.Debug|Any CPU.ActiveCfg = Debug|Any CPU
		{A6B1E470-1BAC-4676-8A19-83B81404D97B}.Debug|Any CPU.Build.0 = Debug|Any CPU
		{A6B1E470-1BAC-4676-8A19-83B81404D97B}.Release|Any CPU.ActiveCfg = Release|Any CPU
		{A6B1E470-1BAC-4676-8A19-83B81404D97B}.Release|Any CPU.Build.0 = Release|Any CPU
	EndGlobalSection
	GlobalSection(SolutionProperties) = preSolution
		HideSolutionNode = FALSE
	EndGlobalSection
EndGlobal
